{
  "name": "ng-md-components",
  "version": "0.0.1",
  "lockfileVersion": 1,
  "requires": true,
  "dependencies": {
    "@types/node": {
      "version": "10.11.7",
      "resolved": "https://registry.npmjs.org/@types/node/-/node-10.11.7.tgz",
      "integrity": "sha512-yOxFfkN9xUFLyvWaeYj90mlqTJ41CsQzWKS3gXdOMOyPVacUsymejKxJ4/pMW7exouubuEeZLJawGgcNGYlTeg==",
      "dev": true
    },
    "marked-ts": {
      "version": "1.0.0-beta.4",
      "resolved": "https://registry.npmjs.org/marked-ts/-/marked-ts-1.0.0-beta.4.tgz",
      "integrity": "sha512-Fbddb1zRybfQkpZ19QgBlggB4ALlaDnVlF0uP6oaCPgFCNvsVlhnWrSxoqKsZtIdlhbwmSt4VWuq2OfdH1GNng==",
      "requires": {
        "typescript": "^2.6.2"
      }
    },
    "typescript": {
      "version": "2.9.2",
      "resolved": "https://registry.npmjs.org/typescript/-/typescript-2.9.2.tgz",
      "integrity": "sha512-Gr4p6nFNaoufRIY4NMdpQRNmgxVIGMs4Fcu/ujdYk3nAZqk7supzBE9idmvfZIlH/Cuj//dvi+019qEue9lV0w==",
      "optional": true
    }
  }
}
